
Microsoft Visual Studio Solution File, Format Version 12.00
# Visual Studio Version 16
VisualStudioVersion = 16.0.31729.503
MinimumVisualStudioVersion = 10.0.40219.1
Project("{FAE04EC0-301F-11D3-BF4B-00C04F79EFBC}") = "CalculadoraAPP", "CalculadoraAPP\CalculadoraAPP.csproj", "{FD723F0E-3E4C-4979-9054-49C00EAB4E10}"
EndProject
Global
	GlobalSection(SolutionConfigurationPlatforms) = preSolution
		Debug|Any CPU = Debug|Any CPU
		Release|Any CPU = Release|Any CPU
	EndGlobalSection
	GlobalSection(ProjectConfigurationPlatforms) = postSolution
		{FD723F0E-3E4C-4979-9054-49C00EAB4E10}.Debug|Any CPU.ActiveCfg = Debug|Any CPU
		{FD723F0E-3E4C-4979-9054-49C00EAB4E10}.Debug|Any CPU.Build.0 = Debug|Any CPU
		{FD723F0E-3E4C-4979-9054-49C00EAB4E10}.Release|Any CPU.ActiveCfg = Release|Any CPU
		{FD723F0E-3E4C-4979-9054-49C00EAB4E10}.Release|Any CPU.Build.0 = Release|Any CPU
	EndGlobalSection
	GlobalSection(SolutionProperties) = preSolution
		HideSolutionNode = FALSE
	EndGlobalSection
	GlobalSection(ExtensibilityGlobals) = postSolution
		SolutionGuid = {CD24B618-C633-4234-83AA-07E720698310}
	EndGlobalSection
EndGlobal
